
Microsoft Visual Studio Solution File, Format Version 12.00
# Visual Studio Version 16
VisualStudioVersion = 16.0.29920.165
MinimumVisualStudioVersion = 10.0.40219.1
Project("{9A19103F-16F7-4668-BE54-9A1E7A4F7556}") = "PCAxis.Sdmx", "PCAxis.Sdmx\PCAxis.Sdmx.csproj", "{19E68B6E-8D50-4829-925B-6A407C96410C}"
EndProject
Project("{FAE04EC0-301F-11D3-BF4B-00C04F79EFBC}") = "PCAxis.Sdmx.UnitTest", "PCAxis.Sdmx.UnitTest\PCAxis.Sdmx.UnitTest.csproj", "{DE949DB0-88FB-4A10-846B-B1AB7A9537AB}"
EndProject
Global
	GlobalSection(SolutionConfigurationPlatforms) = preSolution
		Debug|Any CPU = Debug|Any CPU
		Release|Any CPU = Release|Any CPU
	EndGlobalSection
	GlobalSection(ProjectConfigurationPlatforms) = postSolution
		{19E68B6E-8D50-4829-925B-6A407C96410C}.Debug|Any CPU.ActiveCfg = Debug|Any CPU
		{19E68B6E-8D50-4829-925B-6A407C96410C}.Debug|Any CPU.Build.0 = Debug|Any CPU
		{19E68B6E-8D50-4829-925B-6A407C96410C}.Release|Any CPU.ActiveCfg = Release|Any CPU
		{19E68B6E-8D50-4829-925B-6A407C96410C}.Release|Any CPU.Build.0 = Release|Any CPU
		{DE949DB0-88FB-4A10-846B-B1AB7A9537AB}.Debug|Any CPU.ActiveCfg = Debug|Any CPU
		{DE949DB0-88FB-4A10-846B-B1AB7A9537AB}.Debug|Any CPU.Build.0 = Debug|Any CPU
		{DE949DB0-88FB-4A10-846B-B1AB7A9537AB}.Release|Any CPU.ActiveCfg = Release|Any CPU
		{DE949DB0-88FB-4A10-846B-B1AB7A9537AB}.Release|Any CPU.Build.0 = Release|Any CPU
	EndGlobalSection
	GlobalSection(SolutionProperties) = preSolution
		HideSolutionNode = FALSE
	EndGlobalSection
	GlobalSection(ExtensibilityGlobals) = postSolution
		SolutionGuid = {80DEA603-2F8F-47B0-A4F5-82B5488C8D7F}
	EndGlobalSection
EndGlobal
